
Microsoft Visual Studio Solution File, Format Version 12.00
# Visual Studio 15
VisualStudioVersion = 15.0.27428.2005
MinimumVisualStudioVersion = 10.0.40219.1
Project("{9A19103F-16F7-4668-BE54-9A1E7A4F7556}") = "GoogleNLP", "GoogleNLP.csproj", "{A6C9D901-74E3-4804-8570-109C1248F99C}"
EndProject
Global
	GlobalSection(SolutionConfigurationPlatforms) = preSolution
		Debug|Any CPU = Debug|Any CPU
		Release|Any CPU = Release|Any CPU
	EndGlobalSection
	GlobalSection(ProjectConfigurationPlatforms) = postSolution
		{A6C9D901-74E3-4804-8570-109C1248F99C}.Debug|Any CPU.ActiveCfg = Debug|Any CPU
		{A6C9D901-74E3-4804-8570-109C1248F99C}.Debug|Any CPU.Build.0 = Debug|Any CPU
		{A6C9D901-74E3-4804-8570-109C1248F99C}.Release|Any CPU.ActiveCfg = Release|Any CPU
		{A6C9D901-74E3-4804-8570-109C1248F99C}.Release|Any CPU.Build.0 = Release|Any CPU
	EndGlobalSection
	GlobalSection(SolutionProperties) = preSolution
		HideSolutionNode = FALSE
	EndGlobalSection
	GlobalSection(ExtensibilityGlobals) = postSolution
		SolutionGuid = {E5CC597E-0306-4A7F-B3F4-1DAAF1D64A19}
	EndGlobalSection
EndGlobal
